
Microsoft Visual Studio Solution File, Format Version 12.00
# Visual Studio Version 17
VisualStudioVersion = 17.2.32616.157
MinimumVisualStudioVersion = 10.0.40219.1
Project("{FAE04EC0-301F-11D3-BF4B-00C04F79EFBC}") = "Python_Project_Creator", "Python_Project_Creator\Python_Project_Creator.csproj", "{A0EFD5BB-4CF8-49B4-8854-7CC71C5519FD}"
EndProject
Global
	GlobalSection(SolutionConfigurationPlatforms) = preSolution
		Debug|Any CPU = Debug|Any CPU
		Release|Any CPU = Release|Any CPU
	EndGlobalSection
	GlobalSection(ProjectConfigurationPlatforms) = postSolution
		{A0EFD5BB-4CF8-49B4-8854-7CC71C5519FD}.Debug|Any CPU.ActiveCfg = Debug|Any CPU
		{A0EFD5BB-4CF8-49B4-8854-7CC71C5519FD}.Debug|Any CPU.Build.0 = Debug|Any CPU
		{A0EFD5BB-4CF8-49B4-8854-7CC71C5519FD}.Release|Any CPU.ActiveCfg = Release|Any CPU
		{A0EFD5BB-4CF8-49B4-8854-7CC71C5519FD}.Release|Any CPU.Build.0 = Release|Any CPU
	EndGlobalSection
	GlobalSection(SolutionProperties) = preSolution
		HideSolutionNode = FALSE
	EndGlobalSection
	GlobalSection(ExtensibilityGlobals) = postSolution
		SolutionGuid = {377FB3F5-A83C-4022-9DBF-C6F99615B20C}
	EndGlobalSection
EndGlobal
